Microsoft Visual Studio Solution File, Format Version 11.00
# Visual Studio 2008

Project("{5C5CA9A4-BC67-6892-B016-E024E245EF6D}") = "VRCrawler", "Assembly-CSharp.csproj", "{84573FC0-75B6-C68B-86E5-4821A86F5D01}"
EndProject
Project("{5C5CA9A4-BC67-6892-B016-E024E245EF6D}") = "VRCrawler", "Assembly-CSharp-Editor.csproj", "{4120F4C0-89A5-1606-E6FC-EAEF9DD2C59F}"
EndProject
Global
	GlobalSection(SolutionConfigurationPlatforms) = preSolution
		Debug|Any CPU = Debug|Any CPU
		Release|Any CPU = Release|Any CPU
	EndGlobalSection
	GlobalSection(ProjectConfigurationPlatforms) = postSolution
		{84573FC0-75B6-C68B-86E5-4821A86F5D01}.Debug|Any CPU.ActiveCfg = Debug|Any CPU
		{84573FC0-75B6-C68B-86E5-4821A86F5D01}.Debug|Any CPU.Build.0 = Debug|Any CPU
		{84573FC0-75B6-C68B-86E5-4821A86F5D01}.Release|Any CPU.ActiveCfg = Release|Any CPU
		{84573FC0-75B6-C68B-86E5-4821A86F5D01}.Release|Any CPU.Build.0 = Release|Any CPU
		{4120F4C0-89A5-1606-E6FC-EAEF9DD2C59F}.Debug|Any CPU.ActiveCfg = Debug|Any CPU
		{4120F4C0-89A5-1606-E6FC-EAEF9DD2C59F}.Debug|Any CPU.Build.0 = Debug|Any CPU
		{4120F4C0-89A5-1606-E6FC-EAEF9DD2C59F}.Release|Any CPU.ActiveCfg = Release|Any CPU
		{4120F4C0-89A5-1606-E6FC-EAEF9DD2C59F}.Release|Any CPU.Build.0 = Release|Any CPU
	EndGlobalSection
	GlobalSection(SolutionProperties) = preSolution
		HideSolutionNode = FALSE
	EndGlobalSection
	GlobalSection(MonoDevelopProperties) = preSolution
		StartupItem = Assembly-CSharp.csproj
	EndGlobalSection
EndGlobal
